
Microsoft Visual Studio Solution File, Format Version 12.00
# Visual Studio 15
VisualStudioVersion = 15.0.28307.421
MinimumVisualStudioVersion = 10.0.40219.1
Project("{FAE04EC0-301F-11D3-BF4B-00C04F79EFBC}") = "Imager", "Imager\Imager.csproj", "{96A328DC-6BE9-40F7-AE60-815D82CDF66D}"
EndProject
Global
	GlobalSection(SolutionConfigurationPlatforms) = preSolution
		Debug|Any CPU = Debug|Any CPU
		Release|Any CPU = Release|Any CPU
	EndGlobalSection
	GlobalSection(ProjectConfigurationPlatforms) = postSolution
		{96A328DC-6BE9-40F7-AE60-815D82CDF66D}.Debug|Any CPU.ActiveCfg = Debug|Any CPU
		{96A328DC-6BE9-40F7-AE60-815D82CDF66D}.Debug|Any CPU.Build.0 = Debug|Any CPU
		{96A328DC-6BE9-40F7-AE60-815D82CDF66D}.Release|Any CPU.ActiveCfg = Release|Any CPU
		{96A328DC-6BE9-40F7-AE60-815D82CDF66D}.Release|Any CPU.Build.0 = Release|Any CPU
	EndGlobalSection
	GlobalSection(SolutionProperties) = preSolution
		HideSolutionNode = FALSE
	EndGlobalSection
	GlobalSection(ExtensibilityGlobals) = postSolution
		SolutionGuid = {1F0C3063-8421-4CC4-937C-60D5677FFB40}
	EndGlobalSection
EndGlobal
